
Microsoft Visual Studio Solution File, Format Version 12.00
# Visual Studio Version 16
VisualStudioVersion = 16.0.32901.82
MinimumVisualStudioVersion = 10.0.40219.1
Project("{FAE04EC0-301F-11D3-BF4B-00C04F79EFBC}") = "VerificadordeVersao", "VerificadordeVersao\VerificadordeVersao.csproj", "{EE7E21E7-B652-4E22-BEAB-B0678E890834}"
EndProject
Global
	GlobalSection(SolutionConfigurationPlatforms) = preSolution
		Debug|Any CPU = Debug|Any CPU
		Release|Any CPU = Release|Any CPU
	EndGlobalSection
	GlobalSection(ProjectConfigurationPlatforms) = postSolution
		{EE7E21E7-B652-4E22-BEAB-B0678E890834}.Debug|Any CPU.ActiveCfg = Debug|Any CPU
		{EE7E21E7-B652-4E22-BEAB-B0678E890834}.Debug|Any CPU.Build.0 = Debug|Any CPU
		{EE7E21E7-B652-4E22-BEAB-B0678E890834}.Release|Any CPU.ActiveCfg = Release|Any CPU
		{EE7E21E7-B652-4E22-BEAB-B0678E890834}.Release|Any CPU.Build.0 = Release|Any CPU
	EndGlobalSection
	GlobalSection(SolutionProperties) = preSolution
		HideSolutionNode = FALSE
	EndGlobalSection
	GlobalSection(ExtensibilityGlobals) = postSolution
		SolutionGuid = {C7B1728D-A4C8-4242-855D-4629883B1E20}
	EndGlobalSection
EndGlobal
